
Microsoft Visual Studio Solution File, Format Version 12.00
# Visual Studio Version 16
VisualStudioVersion = 16.0.33801.447
MinimumVisualStudioVersion = 10.0.40219.1
Project("{FAE04EC0-301F-11D3-BF4B-00C04F79EFBC}") = "ProGitForProgrammers", "ProGitForProgrammers\ProGitForProgrammers.csproj", "{AB8E72A6-6B13-4D06-82DD-792F93FE0EAE}"
EndProject
Global
	GlobalSection(SolutionConfigurationPlatforms) = preSolution
		Debug|Any CPU = Debug|Any CPU
		Release|Any CPU = Release|Any CPU
	EndGlobalSection
	GlobalSection(ProjectConfigurationPlatforms) = postSolution
		{AB8E72A6-6B13-4D06-82DD-792F93FE0EAE}.Debug|Any CPU.ActiveCfg = Debug|Any CPU
		{AB8E72A6-6B13-4D06-82DD-792F93FE0EAE}.Debug|Any CPU.Build.0 = Debug|Any CPU
		{AB8E72A6-6B13-4D06-82DD-792F93FE0EAE}.Release|Any CPU.ActiveCfg = Release|Any CPU
		{AB8E72A6-6B13-4D06-82DD-792F93FE0EAE}.Release|Any CPU.Build.0 = Release|Any CPU
	EndGlobalSection
	GlobalSection(SolutionProperties) = preSolution
		HideSolutionNode = FALSE
	EndGlobalSection
	GlobalSection(ExtensibilityGlobals) = postSolution
		SolutionGuid = {AF5A9BCE-BBDA-4E31-A2F8-1DDA89F9C0C1}
	EndGlobalSection
EndGlobal
